
Microsoft Visual Studio Solution File, Format Version 12.00
# Visual Studio 15
VisualStudioVersion = 15.0.28010.2036
MinimumVisualStudioVersion = 10.0.40219.1
Project("{FAE04EC0-301F-11D3-BF4B-00C04F79EFBC}") = "GUI assignment", "GUI assignment\GUI assignment.csproj", "{261ECC34-A121-4FED-A5AE-BECF6626A562}"
EndProject
Global
	GlobalSection(SolutionConfigurationPlatforms) = preSolution
		Debug|Any CPU = Debug|Any CPU
		Release|Any CPU = Release|Any CPU
	EndGlobalSection
	GlobalSection(ProjectConfigurationPlatforms) = postSolution
		{261ECC34-A121-4FED-A5AE-BECF6626A562}.Debug|Any CPU.ActiveCfg = Debug|Any CPU
		{261ECC34-A121-4FED-A5AE-BECF6626A562}.Debug|Any CPU.Build.0 = Debug|Any CPU
		{261ECC34-A121-4FED-A5AE-BECF6626A562}.Release|Any CPU.ActiveCfg = Release|Any CPU
		{261ECC34-A121-4FED-A5AE-BECF6626A562}.Release|Any CPU.Build.0 = Release|Any CPU
	EndGlobalSection
	GlobalSection(SolutionProperties) = preSolution
		HideSolutionNode = FALSE
	EndGlobalSection
	GlobalSection(ExtensibilityGlobals) = postSolution
		SolutionGuid = {B794BDF0-3C6F-41F1-9F09-F783FB6825A4}
	EndGlobalSection
EndGlobal
